
Microsoft Visual Studio Solution File, Format Version 12.00
# Visual Studio Version 16
VisualStudioVersion = 16.0.29613.14
MinimumVisualStudioVersion = 10.0.40219.1
Project("{9A19103F-16F7-4668-BE54-9A1E7A4F7556}") = "AzureAI_FaceDetection", "FaceDetection\AzureAI_FaceDetection.csproj", "{439BC064-4B5F-40A0-8F61-D64D8C3B2D2C}"
EndProject
Global
	GlobalSection(SolutionConfigurationPlatforms) = preSolution
		Debug|Any CPU = Debug|Any CPU
		Release|Any CPU = Release|Any CPU
	EndGlobalSection
	GlobalSection(ProjectConfigurationPlatforms) = postSolution
		{439BC064-4B5F-40A0-8F61-D64D8C3B2D2C}.Debug|Any CPU.ActiveCfg = Debug|Any CPU
		{439BC064-4B5F-40A0-8F61-D64D8C3B2D2C}.Debug|Any CPU.Build.0 = Debug|Any CPU
		{439BC064-4B5F-40A0-8F61-D64D8C3B2D2C}.Release|Any CPU.ActiveCfg = Release|Any CPU
		{439BC064-4B5F-40A0-8F61-D64D8C3B2D2C}.Release|Any CPU.Build.0 = Release|Any CPU
	EndGlobalSection
	GlobalSection(SolutionProperties) = preSolution
		HideSolutionNode = FALSE
	EndGlobalSection
	GlobalSection(ExtensibilityGlobals) = postSolution
		SolutionGuid = {836D6240-EF93-482D-928D-544496DFC76A}
	EndGlobalSection
EndGlobal
